
Microsoft Visual Studio Solution File, Format Version 12.00
# Visual Studio Version 16
VisualStudioVersion = 16.0.30523.141
MinimumVisualStudioVersion = 10.0.40219.1
Project("{2150E333-8FDC-42A3-9474-1A3956D46DE8}") = "Communication", "Communication", "{1A895A33-3FD7-42A1-B5E8-A072B5829691}"
EndProject
Project("{2150E333-8FDC-42A3-9474-1A3956D46DE8}") = "src", "src", "{406E2A6A-679E-49C5-B221-DEE704DC43F2}"
EndProject
Project("{2150E333-8FDC-42A3-9474-1A3956D46DE8}") = "Services", "Services", "{B2BBFD93-6629-4FE4-AC7C-4253D0ADE800}"
EndProject
Project("{2150E333-8FDC-42A3-9474-1A3956D46DE8}") = "WebApps", "WebApps", "{E9EC62D0-6A1F-4B27-8654-BAA17670C3C7}"
EndProject
Project("{2150E333-8FDC-42A3-9474-1A3956D46DE8}") = "tests", "tests", "{4547F8AC-8DB3-4DB3-800C-A00889B29A10}"
EndProject
Project("{2150E333-8FDC-42A3-9474-1A3956D46DE8}") = "Basket", "Basket", "{E5EDB832-4631-4F4B-BCC4-05A060C411E6}"
EndProject
Project("{2150E333-8FDC-42A3-9474-1A3956D46DE8}") = "Identity", "Identity", "{D54E9E5D-5446-4AB8-BCCD-4A172B7D49B7}"
EndProject
Project("{2150E333-8FDC-42A3-9474-1A3956D46DE8}") = "Order", "Order", "{968F3995-62E5-472D-B82B-BD4E0DDC8DBF}"
EndProject
Project("{2150E333-8FDC-42A3-9474-1A3956D46DE8}") = "Catalog", "Catalog", "{07D8366C-243D-459F-8550-E7E55DCC906F}"
EndProject
Project("{9A19103F-16F7-4668-BE54-9A1E7A4F7556}") = "Basket.API", "src\Services\Basket\Basket.API\Basket.API.csproj", "{7FA960F3-9C9F-4FE4-BDE9-D5F51B7876A3}"
EndProject
Project("{9A19103F-16F7-4668-BE54-9A1E7A4F7556}") = "Basket.Infra", "src\Services\Basket\Basket.Infra\Basket.Infra.csproj", "{1FAB2A3F-6E32-4544-8B1B-C8A73D1F33A3}"
EndProject
Project("{9A19103F-16F7-4668-BE54-9A1E7A4F7556}") = "Basket.Domain", "src\Services\Basket\Basket.Domain\Basket.Domain.csproj", "{FD8B2AF8-F82B-4B52-95D2-F40B729FFB82}"
EndProject
Project("{9A19103F-16F7-4668-BE54-9A1E7A4F7556}") = "Basket.Data", "src\Services\Basket\Basket.Data\Basket.Data.csproj", "{E41A50E3-ABEC-4127-96BB-7EFEE964BB84}"
EndProject
Project("{9A19103F-16F7-4668-BE54-9A1E7A4F7556}") = "Identity.Aids", "src\Services\Identity\Identity.Aids\Identity.Aids.csproj", "{A6D987FD-8D84-48C7-8E71-017D794CF793}"
EndProject
Project("{9A19103F-16F7-4668-BE54-9A1E7A4F7556}") = "Identity.Core", "src\Services\Identity\Identity.Core\Identity.Core.csproj", "{58DD175B-5668-40BB-A71E-8C38E1EDB3B6}"
EndProject
Project("{9A19103F-16F7-4668-BE54-9A1E7A4F7556}") = "Identity.Data", "src\Services\Identity\Identity.Data\Identity.Data.csproj", "{EC650AE8-436A-4F48-9E60-E27BDF5A9C0C}"
EndProject
Project("{9A19103F-16F7-4668-BE54-9A1E7A4F7556}") = "Identity.Domain", "src\Services\Identity\Identity.Domain\Identity.Domain.csproj", "{07F92778-1DBE-44C4-81A3-55AA8745BCB6}"
EndProject
Project("{9A19103F-16F7-4668-BE54-9A1E7A4F7556}") = "Identity.Facade", "src\Services\Identity\Identity.Facade\Identity.Facade.csproj", "{4FA3519C-D0F2-4410-990D-7D5369597404}"
EndProject
Project("{9A19103F-16F7-4668-BE54-9A1E7A4F7556}") = "Identity.Infra", "src\Services\Identity\Identity.Infra\Identity.Infra.csproj", "{B165F17E-E073-4B50-B146-AAD0E305E30F}"
EndProject
Project("{9A19103F-16F7-4668-BE54-9A1E7A4F7556}") = "Identity.Tests", "src\Services\Identity\Identity.Tests\Identity.Tests.csproj", "{C43DE593-F71C-4F00-9752-06D717CEA253}"
EndProject
Project("{9A19103F-16F7-4668-BE54-9A1E7A4F7556}") = "Identity.Views", "src\Services\Identity\Identity.Views\Identity.Views.csproj", "{CE08EE1A-DD67-492A-AD66-7F1A44C36B35}"
EndProject
Project("{9A19103F-16F7-4668-BE54-9A1E7A4F7556}") = "Sooduskorv.IDP", "src\Services\Identity\Sooduskorv.IDP\Sooduskorv.IDP.csproj", "{316CFD77-736C-49ED-B162-F8E507E92F54}"
EndProject
Project("{9A19103F-16F7-4668-BE54-9A1E7A4F7556}") = "Order.API", "src\Services\Order\Order.API\Order.API.csproj", "{9B9DFAF8-B767-4970-AA5C-80C9E10A3321}"
EndProject
Project("{9A19103F-16F7-4668-BE54-9A1E7A4F7556}") = "Order.Domain", "src\Services\Order\Order.Domain\Order.Domain.csproj", "{73F71D18-7861-4467-9D05-3D1A3497622B}"
EndProject
Project("{9A19103F-16F7-4668-BE54-9A1E7A4F7556}") = "Order.Infra", "src\Services\Order\Order.Infra\Order.Infra.csproj", "{E92AED45-14C6-4DC3-97DF-036888762A1A}"
EndProject
Project("{9A19103F-16F7-4668-BE54-9A1E7A4F7556}") = "Order.Data", "src\Services\Order\Order.Data\Order.Data.csproj", "{549F0F3B-D166-4EE2-A5E2-C51E90C5074C}"
EndProject
Project("{9A19103F-16F7-4668-BE54-9A1E7A4F7556}") = "Catalog.Aids", "src\Services\Catalog\Catalog.Aids\Catalog.Aids.csproj", "{37B8B952-A5F1-491D-A039-54FA8ED47FE7}"
EndProject
Project("{9A19103F-16F7-4668-BE54-9A1E7A4F7556}") = "Catalog.API", "src\Services\Catalog\Catalog.API\Catalog.API.csproj", "{81CC4927-DA74-49BA-9435-C679A39F390B}"
EndProject
Project("{9A19103F-16F7-4668-BE54-9A1E7A4F7556}") = "Catalog.Infra", "src\Services\Catalog\Catalog.Infra\Catalog.Infra.csproj", "{85E3713A-9A6F-476A-AA8D-AA45C34A2C43}"
EndProject
Project("{9A19103F-16F7-4668-BE54-9A1E7A4F7556}") = "Catalog.Core", "src\Services\Catalog\Catalog.Core\Catalog.Core.csproj", "{6A43429C-6EBE-446C-9AB2-92BB0F297FC6}"
EndProject
Project("{9A19103F-16F7-4668-BE54-9A1E7A4F7556}") = "Catalog.Data", "src\Services\Catalog\Catalog.Data\Catalog.Data.csproj", "{616530E5-FA0B-417C-A0F6-3BBDE6146A1E}"
EndProject
Project("{9A19103F-16F7-4668-BE54-9A1E7A4F7556}") = "Catalog.Domain", "src\Services\Catalog\Catalog.Domain\Catalog.Domain.csproj", "{F1A9FE55-6917-4187-B41D-81060A1F05A2}"
EndProject
Project("{9A19103F-16F7-4668-BE54-9A1E7A4F7556}") = "Catalog.Facade", "src\Services\Catalog\Catalog.Facade\Catalog.Facade.csproj", "{ED94633F-F7FA-4E5B-900F-95E4776D804A}"
EndProject
Project("{9A19103F-16F7-4668-BE54-9A1E7A4F7556}") = "Catalog.Tests", "src\Services\Catalog\Catalog.Tests\Catalog.Tests.csproj", "{8A8D08BE-04BE-48B7-8DA2-60553A3A1222}"
EndProject
Project("{9A19103F-16F7-4668-BE54-9A1E7A4F7556}") = "Catalog.Pages", "src\Services\Catalog\Catalog.Pages\Catalog.Pages.csproj", "{70466399-42CC-4E5A-B61A-CA3E729837BF}"
EndProject
Project("{9A19103F-16F7-4668-BE54-9A1E7A4F7556}") = "SooduskorvWebMVC", "src\WebApps\WebMvc\SooduskorvWebMVC.csproj", "{0233484D-1754-4D97-ABBC-1D0569D7D4C2}"
EndProject
Project("{9A19103F-16F7-4668-BE54-9A1E7A4F7556}") = "WebMVC.Domain", "src\WebApps\WebMVC.Domain\WebMVC.Domain.csproj", "{CAD3DE0B-ED5E-4CE3-AFD3-D2FD1AF9C1FA}"
EndProject
Project("{9A19103F-16F7-4668-BE54-9A1E7A4F7556}") = "WebMVC.Pages", "src\WebApps\WebMVC.Pages\WebMVC.Pages.csproj", "{F8B856D6-AE69-4427-A512-3ED8A745374D}"
EndProject
Project("{9A19103F-16F7-4668-BE54-9A1E7A4F7556}") = "WebMVC.Tests", "src\WebApps\WebMVC.Tests\WebMVC.Tests.csproj", "{A2D3000C-F5CB-4E99-AF3E-94211FD115EC}"
EndProject
Project("{9A19103F-16F7-4668-BE54-9A1E7A4F7556}") = "WebMVC.Facade", "src\WebApps\WebMVC.Facade\WebMVC.Facade.csproj", "{56176A01-7204-4283-AEF8-854BEABB34D0}"
EndProject
Project("{9A19103F-16F7-4668-BE54-9A1E7A4F7556}") = "Order.Tests", "src\Services\Order\Order.Tests\Order.Tests.csproj", "{810C935F-6004-4D2A-9165-4469E9BD9505}"
EndProject
Project("{9A19103F-16F7-4668-BE54-9A1E7A4F7556}") = "Basket.Tests", "src\Services\Basket\Basket.Tests\Basket.Tests.csproj", "{9609143B-47C7-42D5-A427-F1281F4B3363}"
EndProject
Global
	GlobalSection(SolutionConfigurationPlatforms) = preSolution
		Debug|Any CPU = Debug|Any CPU
		Release|Any CPU = Release|Any CPU
	EndGlobalSection
	GlobalSection(ProjectConfigurationPlatforms) = postSolution
		{7FA960F3-9C9F-4FE4-BDE9-D5F51B7876A3}.Debug|Any CPU.ActiveCfg = Debug|Any CPU
		{7FA960F3-9C9F-4FE4-BDE9-D5F51B7876A3}.Debug|Any CPU.Build.0 = Debug|Any CPU
		{7FA960F3-9C9F-4FE4-BDE9-D5F51B7876A3}.Release|Any CPU.ActiveCfg = Release|Any CPU
		{7FA960F3-9C9F-4FE4-BDE9-D5F51B7876A3}.Release|Any CPU.Build.0 = Release|Any CPU
		{1FAB2A3F-6E32-4544-8B1B-C8A73D1F33A3}.Debug|Any CPU.ActiveCfg = Debug|Any CPU
		{1FAB2A3F-6E32-4544-8B1B-C8A73D1F33A3}.Debug|Any CPU.Build.0 = Debug|Any CPU
		{1FAB2A3F-6E32-4544-8B1B-C8A73D1F33A3}.Release|Any CPU.ActiveCfg = Release|Any CPU
		{1FAB2A3F-6E32-4544-8B1B-C8A73D1F33A3}.Release|Any CPU.Build.0 = Release|Any CPU
		{FD8B2AF8-F82B-4B52-95D2-F40B729FFB82}.Debug|Any CPU.ActiveCfg = Debug|Any CPU
		{FD8B2AF8-F82B-4B52-95D2-F40B729FFB82}.Debug|Any CPU.Build.0 = Debug|Any CPU
		{FD8B2AF8-F82B-4B52-95D2-F40B729FFB82}.Release|Any CPU.ActiveCfg = Release|Any CPU
		{FD8B2AF8-F82B-4B52-95D2-F40B729FFB82}.Release|Any CPU.Build.0 = Release|Any CPU
		{E41A50E3-ABEC-4127-96BB-7EFEE964BB84}.Debug|Any CPU.ActiveCfg = Debug|Any CPU
		{E41A50E3-ABEC-4127-96BB-7EFEE964BB84}.Debug|Any CPU.Build.0 = Debug|Any CPU
		{E41A50E3-ABEC-4127-96BB-7EFEE964BB84}.Release|Any CPU.ActiveCfg = Release|Any CPU
		{E41A50E3-ABEC-4127-96BB-7EFEE964BB84}.Release|Any CPU.Build.0 = Release|Any CPU
		{A6D987FD-8D84-48C7-8E71-017D794CF793}.Debug|Any CPU.ActiveCfg = Debug|Any CPU
		{A6D987FD-8D84-48C7-8E71-017D794CF793}.Debug|Any CPU.Build.0 = Debug|Any CPU
		{A6D987FD-8D84-48C7-8E71-017D794CF793}.Release|Any CPU.ActiveCfg = Release|Any CPU
		{A6D987FD-8D84-48C7-8E71-017D794CF793}.Release|Any CPU.Build.0 = Release|Any CPU
		{58DD175B-5668-40BB-A71E-8C38E1EDB3B6}.Debug|Any CPU.ActiveCfg = Debug|Any CPU
		{58DD175B-5668-40BB-A71E-8C38E1EDB3B6}.Debug|Any CPU.Build.0 = Debug|Any CPU
		{58DD175B-5668-40BB-A71E-8C38E1EDB3B6}.Release|Any CPU.ActiveCfg = Release|Any CPU
		{58DD175B-5668-40BB-A71E-8C38E1EDB3B6}.Release|Any CPU.Build.0 = Release|Any CPU
		{EC650AE8-436A-4F48-9E60-E27BDF5A9C0C}.Debug|Any CPU.ActiveCfg = Debug|Any CPU
		{EC650AE8-436A-4F48-9E60-E27BDF5A9C0C}.Debug|Any CPU.Build.0 = Debug|Any CPU
		{EC650AE8-436A-4F48-9E60-E27BDF5A9C0C}.Release|Any CPU.ActiveCfg = Release|Any CPU
		{EC650AE8-436A-4F48-9E60-E27BDF5A9C0C}.Release|Any CPU.Build.0 = Release|Any CPU
		{07F92778-1DBE-44C4-81A3-55AA8745BCB6}.Debug|Any CPU.ActiveCfg = Debug|Any CPU
		{07F92778-1DBE-44C4-81A3-55AA8745BCB6}.Debug|Any CPU.Build.0 = Debug|Any CPU
		{07F92778-1DBE-44C4-81A3-55AA8745BCB6}.Release|Any CPU.ActiveCfg = Release|Any CPU
		{07F92778-1DBE-44C4-81A3-55AA8745BCB6}.Release|Any CPU.Build.0 = Release|Any CPU
		{4FA3519C-D0F2-4410-990D-7D5369597404}.Debug|Any CPU.ActiveCfg = Debug|Any CPU
		{4FA3519C-D0F2-4410-990D-7D5369597404}.Debug|Any CPU.Build.0 = Debug|Any CPU
		{4FA3519C-D0F2-4410-990D-7D5369597404}.Release|Any CPU.ActiveCfg = Release|Any CPU
		{4FA3519C-D0F2-4410-990D-7D5369597404}.Release|Any CPU.Build.0 = Release|Any CPU
		{B165F17E-E073-4B50-B146-AAD0E305E30F}.Debug|Any CPU.ActiveCfg = Debug|Any CPU
		{B165F17E-E073-4B50-B146-AAD0E305E30F}.Debug|Any CPU.Build.0 = Debug|Any CPU
		{B165F17E-E073-4B50-B146-AAD0E305E30F}.Release|Any CPU.ActiveCfg = Release|Any CPU
		{B165F17E-E073-4B50-B146-AAD0E305E30F}.Release|Any CPU.Build.0 = Release|Any CPU
		{C43DE593-F71C-4F00-9752-06D717CEA253}.Debug|Any CPU.ActiveCfg = Debug|Any CPU
		{C43DE593-F71C-4F00-9752-06D717CEA253}.Debug|Any CPU.Build.0 = Debug|Any CPU
		{C43DE593-F71C-4F00-9752-06D717CEA253}.Release|Any CPU.ActiveCfg = Release|Any CPU
		{C43DE593-F71C-4F00-9752-06D717CEA253}.Release|Any CPU.Build.0 = Release|Any CPU
		{CE08EE1A-DD67-492A-AD66-7F1A44C36B35}.Debug|Any CPU.ActiveCfg = Debug|Any CPU
		{CE08EE1A-DD67-492A-AD66-7F1A44C36B35}.Debug|Any CPU.Build.0 = Debug|Any CPU
		{CE08EE1A-DD67-492A-AD66-7F1A44C36B35}.Release|Any CPU.ActiveCfg = Release|Any CPU
		{CE08EE1A-DD67-492A-AD66-7F1A44C36B35}.Release|Any CPU.Build.0 = Release|Any CPU
		{316CFD77-736C-49ED-B162-F8E507E92F54}.Debug|Any CPU.ActiveCfg = Debug|Any CPU
		{316CFD77-736C-49ED-B162-F8E507E92F54}.Debug|Any CPU.Build.0 = Debug|Any CPU
		{316CFD77-736C-49ED-B162-F8E507E92F54}.Release|Any CPU.ActiveCfg = Release|Any CPU
		{316CFD77-736C-49ED-B162-F8E507E92F54}.Release|Any CPU.Build.0 = Release|Any CPU
		{9B9DFAF8-B767-4970-AA5C-80C9E10A3321}.Debug|Any CPU.ActiveCfg = Debug|Any CPU
		{9B9DFAF8-B767-4970-AA5C-80C9E10A3321}.Debug|Any CPU.Build.0 = Debug|Any CPU
		{9B9DFAF8-B767-4970-AA5C-80C9E10A3321}.Release|Any CPU.ActiveCfg = Release|Any CPU
		{9B9DFAF8-B767-4970-AA5C-80C9E10A3321}.Release|Any CPU.Build.0 = Release|Any CPU
		{73F71D18-7861-4467-9D05-3D1A3497622B}.Debug|Any CPU.ActiveCfg = Debug|Any CPU
		{73F71D18-7861-4467-9D05-3D1A3497622B}.Debug|Any CPU.Build.0 = Debug|Any CPU
		{73F71D18-7861-4467-9D05-3D1A3497622B}.Release|Any CPU.ActiveCfg = Release|Any CPU
		{73F71D18-7861-4467-9D05-3D1A3497622B}.Release|Any CPU.Build.0 = Release|Any CPU
		{E92AED45-14C6-4DC3-97DF-036888762A1A}.Debug|Any CPU.ActiveCfg = Debug|Any CPU
		{E92AED45-14C6-4DC3-97DF-036888762A1A}.Debug|Any CPU.Build.0 = Debug|Any CPU
		{E92AED45-14C6-4DC3-97DF-036888762A1A}.Release|Any CPU.ActiveCfg = Release|Any CPU
		{E92AED45-14C6-4DC3-97DF-036888762A1A}.Release|Any CPU.Build.0 = Release|Any CPU
		{549F0F3B-D166-4EE2-A5E2-C51E90C5074C}.Debug|Any CPU.ActiveCfg = Debug|Any CPU
		{549F0F3B-D166-4EE2-A5E2-C51E90C5074C}.Debug|Any CPU.Build.0 = Debug|Any CPU
		{549F0F3B-D166-4EE2-A5E2-C51E90C5074C}.Release|Any CPU.ActiveCfg = Release|Any CPU
		{549F0F3B-D166-4EE2-A5E2-C51E90C5074C}.Release|Any CPU.Build.0 = Release|Any CPU
		{37B8B952-A5F1-491D-A039-54FA8ED47FE7}.Debug|Any CPU.ActiveCfg = Debug|Any CPU
		{37B8B952-A5F1-491D-A039-54FA8ED47FE7}.Debug|Any CPU.Build.0 = Debug|Any CPU
		{37B8B952-A5F1-491D-A039-54FA8ED47FE7}.Release|Any CPU.ActiveCfg = Release|Any CPU
		{37B8B952-A5F1-491D-A039-54FA8ED47FE7}.Release|Any CPU.Build.0 = Release|Any CPU
		{81CC4927-DA74-49BA-9435-C679A39F390B}.Debug|Any CPU.ActiveCfg = Debug|Any CPU
		{81CC4927-DA74-49BA-9435-C679A39F390B}.Debug|Any CPU.Build.0 = Debug|Any CPU
		{81CC4927-DA74-49BA-9435-C679A39F390B}.Release|Any CPU.ActiveCfg = Release|Any CPU
		{81CC4927-DA74-49BA-9435-C679A39F390B}.Release|Any CPU.Build.0 = Release|Any CPU
		{85E3713A-9A6F-476A-AA8D-AA45C34A2C43}.Debug|Any CPU.ActiveCfg = Debug|Any CPU
		{85E3713A-9A6F-476A-AA8D-AA45C34A2C43}.Debug|Any CPU.Build.0 = Debug|Any CPU
		{85E3713A-9A6F-476A-AA8D-AA45C34A2C43}.Release|Any CPU.ActiveCfg = Release|Any CPU
		{85E3713A-9A6F-476A-AA8D-AA45C34A2C43}.Release|Any CPU.Build.0 = Release|Any CPU
		{6A43429C-6EBE-446C-9AB2-92BB0F297FC6}.Debug|Any CPU.ActiveCfg = Debug|Any CPU
		{6A43429C-6EBE-446C-9AB2-92BB0F297FC6}.Debug|Any CPU.Build.0 = Debug|Any CPU
		{6A43429C-6EBE-446C-9AB2-92BB0F297FC6}.Release|Any CPU.ActiveCfg = Release|Any CPU
		{6A43429C-6EBE-446C-9AB2-92BB0F297FC6}.Release|Any CPU.Build.0 = Release|Any CPU
		{616530E5-FA0B-417C-A0F6-3BBDE6146A1E}.Debug|Any CPU.ActiveCfg = Debug|Any CPU
		{616530E5-FA0B-417C-A0F6-3BBDE6146A1E}.Debug|Any CPU.Build.0 = Debug|Any CPU
		{616530E5-FA0B-417C-A0F6-3BBDE6146A1E}.Release|Any CPU.ActiveCfg = Release|Any CPU
		{616530E5-FA0B-417C-A0F6-3BBDE6146A1E}.Release|Any CPU.Build.0 = Release|Any CPU
		{F1A9FE55-6917-4187-B41D-81060A1F05A2}.Debug|Any CPU.ActiveCfg = Debug|Any CPU
		{F1A9FE55-6917-4187-B41D-81060A1F05A2}.Debug|Any CPU.Build.0 = Debug|Any CPU
		{F1A9FE55-6917-4187-B41D-81060A1F05A2}.Release|Any CPU.ActiveCfg = Release|Any CPU
		{F1A9FE55-6917-4187-B41D-81060A1F05A2}.Release|Any CPU.Build.0 = Release|Any CPU
		{ED94633F-F7FA-4E5B-900F-95E4776D804A}.Debug|Any CPU.ActiveCfg = Debug|Any CPU
		{ED94633F-F7FA-4E5B-900F-95E4776D804A}.Debug|Any CPU.Build.0 = Debug|Any CPU
		{ED94633F-F7FA-4E5B-900F-95E4776D804A}.Release|Any CPU.ActiveCfg = Release|Any CPU
		{ED94633F-F7FA-4E5B-900F-95E4776D804A}.Release|Any CPU.Build.0 = Release|Any CPU
		{8A8D08BE-04BE-48B7-8DA2-60553A3A1222}.Debug|Any CPU.ActiveCfg = Debug|Any CPU
		{8A8D08BE-04BE-48B7-8DA2-60553A3A1222}.Debug|Any CPU.Build.0 = Debug|Any CPU
		{8A8D08BE-04BE-48B7-8DA2-60553A3A1222}.Release|Any CPU.ActiveCfg = Release|Any CPU
		{8A8D08BE-04BE-48B7-8DA2-60553A3A1222}.Release|Any CPU.Build.0 = Release|Any CPU
		{70466399-42CC-4E5A-B61A-CA3E729837BF}.Debug|Any CPU.ActiveCfg = Debug|Any CPU
		{70466399-42CC-4E5A-B61A-CA3E729837BF}.Debug|Any CPU.Build.0 = Debug|Any CPU
		{70466399-42CC-4E5A-B61A-CA3E729837BF}.Release|Any CPU.ActiveCfg = Release|Any CPU
		{70466399-42CC-4E5A-B61A-CA3E729837BF}.Release|Any CPU.Build.0 = Release|Any CPU
		{0233484D-1754-4D97-ABBC-1D0569D7D4C2}.Debug|Any CPU.ActiveCfg = Debug|Any CPU
		{0233484D-1754-4D97-ABBC-1D0569D7D4C2}.Debug|Any CPU.Build.0 = Debug|Any CPU
		{0233484D-1754-4D97-ABBC-1D0569D7D4C2}.Release|Any CPU.ActiveCfg = Release|Any CPU
		{0233484D-1754-4D97-ABBC-1D0569D7D4C2}.Release|Any CPU.Build.0 = Release|Any CPU
		{CAD3DE0B-ED5E-4CE3-AFD3-D2FD1AF9C1FA}.Debug|Any CPU.ActiveCfg = Debug|Any CPU
		{CAD3DE0B-ED5E-4CE3-AFD3-D2FD1AF9C1FA}.Debug|Any CPU.Build.0 = Debug|Any CPU
		{CAD3DE0B-ED5E-4CE3-AFD3-D2FD1AF9C1FA}.Release|Any CPU.ActiveCfg = Release|Any CPU
		{CAD3DE0B-ED5E-4CE3-AFD3-D2FD1AF9C1FA}.Release|Any CPU.Build.0 = Release|Any CPU
		{F8B856D6-AE69-4427-A512-3ED8A745374D}.Debug|Any CPU.ActiveCfg = Debug|Any CPU
		{F8B856D6-AE69-4427-A512-3ED8A745374D}.Debug|Any CPU.Build.0 = Debug|Any CPU
		{F8B856D6-AE69-4427-A512-3ED8A745374D}.Release|Any CPU.ActiveCfg = Release|Any CPU
		{F8B856D6-AE69-4427-A512-3ED8A745374D}.Release|Any CPU.Build.0 = Release|Any CPU
		{A2D3000C-F5CB-4E99-AF3E-94211FD115EC}.Debug|Any CPU.ActiveCfg = Debug|Any CPU
		{A2D3000C-F5CB-4E99-AF3E-94211FD115EC}.Debug|Any CPU.Build.0 = Debug|Any CPU
		{A2D3000C-F5CB-4E99-AF3E-94211FD115EC}.Release|Any CPU.ActiveCfg = Release|Any CPU
		{A2D3000C-F5CB-4E99-AF3E-94211FD115EC}.Release|Any CPU.Build.0 = Release|Any CPU
		{56176A01-7204-4283-AEF8-854BEABB34D0}.Debug|Any CPU.ActiveCfg = Debug|Any CPU
		{56176A01-7204-4283-AEF8-854BEABB34D0}.Debug|Any CPU.Build.0 = Debug|Any CPU
		{56176A01-7204-4283-AEF8-854BEABB34D0}.Release|Any CPU.ActiveCfg = Release|Any CPU
		{56176A01-7204-4283-AEF8-854BEABB34D0}.Release|Any CPU.Build.0 = Release|Any CPU
		{810C935F-6004-4D2A-9165-4469E9BD9505}.Debug|Any CPU.ActiveCfg = Debug|Any CPU
		{810C935F-6004-4D2A-9165-4469E9BD9505}.Debug|Any CPU.Build.0 = Debug|Any CPU
		{810C935F-6004-4D2A-9165-4469E9BD9505}.Release|Any CPU.ActiveCfg = Release|Any CPU
		{810C935F-6004-4D2A-9165-4469E9BD9505}.Release|Any CPU.Build.0 = Release|Any CPU
		{9609143B-47C7-42D5-A427-F1281F4B3363}.Debug|Any CPU.ActiveCfg = Debug|Any CPU
		{9609143B-47C7-42D5-A427-F1281F4B3363}.Debug|Any CPU.Build.0 = Debug|Any CPU
		{9609143B-47C7-42D5-A427-F1281F4B3363}.Release|Any CPU.ActiveCfg = Release|Any CPU
		{9609143B-47C7-42D5-A427-F1281F4B3363}.Release|Any CPU.Build.0 = Release|Any CPU
	EndGlobalSection
	GlobalSection(SolutionProperties) = preSolution
		HideSolutionNode = FALSE
	EndGlobalSection
	GlobalSection(NestedProjects) = preSolution
		{1A895A33-3FD7-42A1-B5E8-A072B5829691} = {406E2A6A-679E-49C5-B221-DEE704DC43F2}
		{B2BBFD93-6629-4FE4-AC7C-4253D0ADE800} = {406E2A6A-679E-49C5-B221-DEE704DC43F2}
		{E9EC62D0-6A1F-4B27-8654-BAA17670C3C7} = {406E2A6A-679E-49C5-B221-DEE704DC43F2}
		{E5EDB832-4631-4F4B-BCC4-05A060C411E6} = {B2BBFD93-6629-4FE4-AC7C-4253D0ADE800}
		{D54E9E5D-5446-4AB8-BCCD-4A172B7D49B7} = {B2BBFD93-6629-4FE4-AC7C-4253D0ADE800}
		{968F3995-62E5-472D-B82B-BD4E0DDC8DBF} = {B2BBFD93-6629-4FE4-AC7C-4253D0ADE800}
		{07D8366C-243D-459F-8550-E7E55DCC906F} = {B2BBFD93-6629-4FE4-AC7C-4253D0ADE800}
		{7FA960F3-9C9F-4FE4-BDE9-D5F51B7876A3} = {E5EDB832-4631-4F4B-BCC4-05A060C411E6}
		{1FAB2A3F-6E32-4544-8B1B-C8A73D1F33A3} = {E5EDB832-4631-4F4B-BCC4-05A060C411E6}
		{FD8B2AF8-F82B-4B52-95D2-F40B729FFB82} = {E5EDB832-4631-4F4B-BCC4-05A060C411E6}
		{E41A50E3-ABEC-4127-96BB-7EFEE964BB84} = {E5EDB832-4631-4F4B-BCC4-05A060C411E6}
		{A6D987FD-8D84-48C7-8E71-017D794CF793} = {D54E9E5D-5446-4AB8-BCCD-4A172B7D49B7}
		{58DD175B-5668-40BB-A71E-8C38E1EDB3B6} = {D54E9E5D-5446-4AB8-BCCD-4A172B7D49B7}
		{EC650AE8-436A-4F48-9E60-E27BDF5A9C0C} = {D54E9E5D-5446-4AB8-BCCD-4A172B7D49B7}
		{07F92778-1DBE-44C4-81A3-55AA8745BCB6} = {D54E9E5D-5446-4AB8-BCCD-4A172B7D49B7}
		{4FA3519C-D0F2-4410-990D-7D5369597404} = {D54E9E5D-5446-4AB8-BCCD-4A172B7D49B7}
		{B165F17E-E073-4B50-B146-AAD0E305E30F} = {D54E9E5D-5446-4AB8-BCCD-4A172B7D49B7}
		{C43DE593-F71C-4F00-9752-06D717CEA253} = {D54E9E5D-5446-4AB8-BCCD-4A172B7D49B7}
		{CE08EE1A-DD67-492A-AD66-7F1A44C36B35} = {D54E9E5D-5446-4AB8-BCCD-4A172B7D49B7}
		{316CFD77-736C-49ED-B162-F8E507E92F54} = {D54E9E5D-5446-4AB8-BCCD-4A172B7D49B7}
		{9B9DFAF8-B767-4970-AA5C-80C9E10A3321} = {968F3995-62E5-472D-B82B-BD4E0DDC8DBF}
		{73F71D18-7861-4467-9D05-3D1A3497622B} = {968F3995-62E5-472D-B82B-BD4E0DDC8DBF}
		{E92AED45-14C6-4DC3-97DF-036888762A1A} = {968F3995-62E5-472D-B82B-BD4E0DDC8DBF}
		{549F0F3B-D166-4EE2-A5E2-C51E90C5074C} = {968F3995-62E5-472D-B82B-BD4E0DDC8DBF}
		{37B8B952-A5F1-491D-A039-54FA8ED47FE7} = {07D8366C-243D-459F-8550-E7E55DCC906F}
		{81CC4927-DA74-49BA-9435-C679A39F390B} = {07D8366C-243D-459F-8550-E7E55DCC906F}
		{85E3713A-9A6F-476A-AA8D-AA45C34A2C43} = {07D8366C-243D-459F-8550-E7E55DCC906F}
		{6A43429C-6EBE-446C-9AB2-92BB0F297FC6} = {07D8366C-243D-459F-8550-E7E55DCC906F}
		{616530E5-FA0B-417C-A0F6-3BBDE6146A1E} = {07D8366C-243D-459F-8550-E7E55DCC906F}
		{F1A9FE55-6917-4187-B41D-81060A1F05A2} = {07D8366C-243D-459F-8550-E7E55DCC906F}
		{ED94633F-F7FA-4E5B-900F-95E4776D804A} = {07D8366C-243D-459F-8550-E7E55DCC906F}
		{8A8D08BE-04BE-48B7-8DA2-60553A3A1222} = {07D8366C-243D-459F-8550-E7E55DCC906F}
		{70466399-42CC-4E5A-B61A-CA3E729837BF} = {07D8366C-243D-459F-8550-E7E55DCC906F}
		{0233484D-1754-4D97-ABBC-1D0569D7D4C2} = {E9EC62D0-6A1F-4B27-8654-BAA17670C3C7}
		{CAD3DE0B-ED5E-4CE3-AFD3-D2FD1AF9C1FA} = {E9EC62D0-6A1F-4B27-8654-BAA17670C3C7}
		{F8B856D6-AE69-4427-A512-3ED8A745374D} = {E9EC62D0-6A1F-4B27-8654-BAA17670C3C7}
		{A2D3000C-F5CB-4E99-AF3E-94211FD115EC} = {E9EC62D0-6A1F-4B27-8654-BAA17670C3C7}
		{56176A01-7204-4283-AEF8-854BEABB34D0} = {E9EC62D0-6A1F-4B27-8654-BAA17670C3C7}
		{810C935F-6004-4D2A-9165-4469E9BD9505} = {968F3995-62E5-472D-B82B-BD4E0DDC8DBF}
		{9609143B-47C7-42D5-A427-F1281F4B3363} = {E5EDB832-4631-4F4B-BCC4-05A060C411E6}
	EndGlobalSection
	GlobalSection(ExtensibilityGlobals) = postSolution
		SolutionGuid = {EE13611F-F2D2-4137-965F-69359A5D24DF}
	EndGlobalSection
EndGlobal
